// !$*UTF8*$!
{
	archiveVersion = 1;
	classes = {
	};
	objectVersion = 48;
	objects = {

/* Begin PBXBuildFile section */
		382F3DEF2031923E00B5E946 /* navBackBtn@2x.png in Resources */ = {isa = PBXBuildFile; fileRef = 382F3DDE2031923E00B5E946 /* navBackBtn@2x.png */; };
		382F3DF02031923E00B5E946 /* defaultphoto.png in Resources */ = {isa = PBXBuildFile; fileRef = 382F3DDF2031923E00B5E946 /* defaultphoto.png */; };
		382F3DF12031923E00B5E946 /* lock.png in Resources */ = {isa = PBXBuildFile; fileRef = 382F3DE02031923E00B5E946 /* lock.png */; };
		382F3DF22031923E00B5E946 /* xiangji@2x.png in Resources */ = {isa = PBXBuildFile; fileRef = 382F3DE12031923E00B5E946 /* xiangji@2x.png */; };
		382F3DF32031923E00B5E946 /* checkbox_pic@3x.png in Resources */ = {isa = PBXBuildFile; fileRef = 382F3DE22031923E00B5E946 /* checkbox_pic@3x.png */; };
		382F3DF42031923E00B5E946 /* btn_original_circle_on@2x.png in Resources */ = {isa = PBXBuildFile; fileRef = 382F3DE32031923E00B5E946 /* btn_original_circle_on@2x.png */; };
		382F3DF52031923E00B5E946 /* btn_original_circle_on@3x.png in Resources */ = {isa = PBXBuildFile; fileRef = 382F3DE42031923E00B5E946 /* btn_original_circle_on@3x.png */; };
		382F3DF62031923E00B5E946 /* checkbox_pic@2x.png in Resources */ = {isa = PBXBuildFile; fileRef = 382F3DE52031923E00B5E946 /* checkbox_pic@2x.png */; };
		382F3DF72031923E00B5E946 /* xiangji@3x.png in Resources */ = {isa = PBXBuildFile; fileRef = 382F3DE62031923E00B5E946 /* xiangji@3x.png */; };
		382F3DF82031923E00B5E946 /* xj@3x.png in Resources */ = {isa = PBXBuildFile; fileRef = 382F3DE72031923E00B5E946 /* xj@3x.png */; };
		382F3DF92031923E00B5E946 /* checkbox_pic_no@2x.png in Resources */ = {isa = PBXBuildFile; fileRef = 382F3DE82031923E00B5E946 /* checkbox_pic_no@2x.png */; };
		382F3DFA2031923E00B5E946 /* btn_original_circle@3x.png in Resources */ = {isa = PBXBuildFile; fileRef = 382F3DE92031923E00B5E946 /* btn_original_circle@3x.png */; };
		382F3DFB2031923E00B5E946 /* btn_circle@2x.png in Resources */ = {isa = PBXBuildFile; fileRef = 382F3DEA2031923E00B5E946 /* btn_circle@2x.png */; };
		382F3DFC2031923E00B5E946 /* btn_circle@3x.png in Resources */ = {isa = PBXBuildFile; fileRef = 382F3DEB2031923E00B5E946 /* btn_circle@3x.png */; };
		382F3DFD2031923E00B5E946 /* btn_original_circle@2x.png in Resources */ = {isa = PBXBuildFile; fileRef = 382F3DEC2031923E00B5E946 /* btn_original_circle@2x.png */; };
		382F3DFE2031923E00B5E946 /* checkbox_pic_no@3x.png in Resources */ = {isa = PBXBuildFile; fileRef = 382F3DED2031923E00B5E946 /* checkbox_pic_no@3x.png */; };
		382F3DFF2031923E00B5E946 /* xj@2x.png in Resources */ = {isa = PBXBuildFile; fileRef = 382F3DEE2031923E00B5E946 /* xj@2x.png */; };
		38F78122202FF474007B699D /* AppDelegate.swift in Sources */ = {isa = PBXBuildFile; fileRef = 38F78121202FF474007B699D /* AppDelegate.swift */; };
		38F78124202FF474007B699D /* ViewController.swift in Sources */ = {isa = PBXBuildFile; fileRef = 38F78123202FF474007B699D /* ViewController.swift */; };
		38F78127202FF474007B699D /* Main.storyboard in Resources */ = {isa = PBXBuildFile; fileRef = 38F78125202FF474007B699D /* Main.storyboard */; };
		38F78129202FF474007B699D /* Assets.xcassets in Resources */ = {isa = PBXBuildFile; fileRef = 38F78128202FF474007B699D /* Assets.xcassets */; };
		38F7812C202FF474007B699D /* LaunchScreen.storyboard in Resources */ = {isa = PBXBuildFile; fileRef = 38F7812A202FF474007B699D /* LaunchScreen.storyboard */; };
		38F7821A20301374007B699D /* HHBigImageCell.m in Sources */ = {isa = PBXBuildFile; fileRef = 38F781CB20301374007B699D /* HHBigImageCell.m */; };
		38F7821B20301374007B699D /* HHPhotoBrowserCell.m in Sources */ = {isa = PBXBuildFile; fileRef = 38F781CD20301374007B699D /* HHPhotoBrowserCell.m */; };
		38F7821C20301374007B699D /* HHSelectPhotoModel.m in Sources */ = {isa = PBXBuildFile; fileRef = 38F781D320301374007B699D /* HHSelectPhotoModel.m */; };
		38F7821D20301374007B699D /* HHProgressHUD.m in Sources */ = {isa = PBXBuildFile; fileRef = 38F781D420301374007B699D /* HHProgressHUD.m */; };
		38F7821E20301374007B699D /* NSBundle+HHPhotoBrowser.m in Sources */ = {isa = PBXBuildFile; fileRef = 38F781D620301374007B699D /* NSBundle+HHPhotoBrowser.m */; };
		38F7821F20301374007B699D /* HHPhotoTool.m in Sources */ = {isa = PBXBuildFile; fileRef = 38F781D820301374007B699D /* HHPhotoTool.m */; };
		38F7822020301374007B699D /* HHPhotoBrowser.m in Sources */ = {isa = PBXBuildFile; fileRef = 38F781D920301374007B699D /* HHPhotoBrowser.m */; };
		38F7822120301374007B699D /* ToastUtils.m in Sources */ = {isa = PBXBuildFile; fileRef = 38F781DA20301374007B699D /* ToastUtils.m */; };
		38F7822220301374007B699D /* HHCollectionCell.m in Sources */ = {isa = PBXBuildFile; fileRef = 38F781DB20301374007B699D /* HHCollectionCell.m */; };
		38F7822320301374007B699D /* HHNoAuthorityViewController.m in Sources */ = {isa = PBXBuildFile; fileRef = 38F781DC20301374007B699D /* HHNoAuthorityViewController.m */; };
		38F7822420301374007B699D /* HHPhotoBrowser.bundle in Resources */ = {isa = PBXBuildFile; fileRef = 38F781DE20301374007B699D /* HHPhotoBrowser.bundle */; };
		38F7822520301374007B699D /* HHCollectionCell.xib in Resources */ = {isa = PBXBuildFile; fileRef = 38F781DF20301374007B699D /* HHCollectionCell.xib */; };
		38F7822620301374007B699D /* HHThumbnailViewController.xib in Resources */ = {isa = PBXBuildFile; fileRef = 38F781E020301374007B699D /* HHThumbnailViewController.xib */; };
		38F7822720301374007B699D /* HHNoAuthorityViewController.xib in Resources */ = {isa = PBXBuildFile; fileRef = 38F781E120301374007B699D /* HHNoAuthorityViewController.xib */; };
		38F7822820301374007B699D /* HHPhotoActionSheet.xib in Resources */ = {isa = PBXBuildFile; fileRef = 38F781E220301374007B699D /* HHPhotoActionSheet.xib */; };
		38F7822920301374007B699D /* HHPhotoBrowserCell.xib in Resources */ = {isa = PBXBuildFile; fileRef = 38F781E320301374007B699D /* HHPhotoBrowserCell.xib */; };
		38F7822A20301374007B699D /* HHShowBigImgViewController.m in Sources */ = {isa = PBXBuildFile; fileRef = 38F781E520301374007B699D /* HHShowBigImgViewController.m */; };
		38F7822B20301374007B699D /* HHThumbnailViewController.m in Sources */ = {isa = PBXBuildFile; fileRef = 38F781E720301374007B699D /* HHThumbnailViewController.m */; };
		38F7822C20301374007B699D /* HHPhotoActionSheet.m in Sources */ = {isa = PBXBuildFile; fileRef = 38F781E920301374007B699D /* HHPhotoActionSheet.m */; };
/* End PBXBuildFile section */

/* Begin PBXFileReference section */
		382F3DDE2031923E00B5E946 /* navBackBtn@2x.png */ = {isa = PBXFileReference; lastKnownFileType = image.png; path = "navBackBtn@2x.png"; sourceTree = "<group>"; };
		382F3DDF2031923E00B5E946 /* defaultphoto.png */ = {isa = PBXFileReference; lastKnownFileType = image.png; path = defaultphoto.png; sourceTree = "<group>"; };
		382F3DE02031923E00B5E946 /* lock.png */ = {isa = PBXFileReference; lastKnownFileType = image.png; path = lock.png; sourceTree = "<group>"; };
		382F3DE12031923E00B5E946 /* xiangji@2x.png */ = {isa = PBXFileReference; lastKnownFileType = image.png; path = "xiangji@2x.png"; sourceTree = "<group>"; };
		382F3DE22031923E00B5E946 /* checkbox_pic@3x.png */ = {isa = PBXFileReference; lastKnownFileType = image.png; path = "checkbox_pic@3x.png"; sourceTree = "<group>"; };
		382F3DE32031923E00B5E946 /* btn_original_circle_on@2x.png */ = {isa = PBXFileReference; lastKnownFileType = image.png; path = "btn_original_circle_on@2x.png"; sourceTree = "<group>"; };
		382F3DE42031923E00B5E946 /* btn_original_circle_on@3x.png */ = {isa = PBXFileReference; lastKnownFileType = image.png; path = "btn_original_circle_on@3x.png"; sourceTree = "<group>"; };
		382F3DE52031923E00B5E946 /* checkbox_pic@2x.png */ = {isa = PBXFileReference; lastKnownFileType = image.png; path = "checkbox_pic@2x.png"; sourceTree = "<group>"; };
		382F3DE62031923E00B5E946 /* xiangji@3x.png */ = {isa = PBXFileReference; lastKnownFileType = image.png; path = "xiangji@3x.png"; sourceTree = "<group>"; };
		382F3DE72031923E00B5E946 /* xj@3x.png */ = {isa = PBXFileReference; lastKnownFileType = image.png; path = "xj@3x.png"; sourceTree = "<group>"; };
		382F3DE82031923E00B5E946 /* checkbox_pic_no@2x.png */ = {isa = PBXFileReference; lastKnownFileType = image.png; path = "checkbox_pic_no@2x.png"; sourceTree = "<group>"; };
		382F3DE92031923E00B5E946 /* btn_original_circle@3x.png */ = {isa = PBXFileReference; lastKnownFileType = image.png; path = "btn_original_circle@3x.png"; sourceTree = "<group>"; };
		382F3DEA2031923E00B5E946 /* btn_circle@2x.png */ = {isa = PBXFileReference; lastKnownFileType = image.png; path = "btn_circle@2x.png"; sourceTree = "<group>"; };
		382F3DEB2031923E00B5E946 /* btn_circle@3x.png */ = {isa = PBXFileReference; lastKnownFileType = image.png; path = "btn_circle@3x.png"; sourceTree = "<group>"; };
		382F3DEC2031923E00B5E946 /* btn_original_circle@2x.png */ = {isa = PBXFileReference; lastKnownFileType = image.png; path = "btn_original_circle@2x.png"; sourceTree = "<group>"; };
		382F3DED2031923E00B5E946 /* checkbox_pic_no@3x.png */ = {isa = PBXFileReference; lastKnownFileType = image.png; path = "checkbox_pic_no@3x.png"; sourceTree = "<group>"; };
		382F3DEE2031923E00B5E946 /* xj@2x.png */ = {isa = PBXFileReference; lastKnownFileType = image.png; path = "xj@2x.png"; sourceTree = "<group>"; };
		382F3E00203280F200B5E946 /* HHImagePicker.h */ = {isa = PBXFileReference; fileEncoding = 4; lastKnownFileType = sourcecode.c.h; path = HHImagePicker.h; sourceTree = "<group>"; };
		38F7811E202FF474007B699D /* HHImagePicker.app */ = {isa = PBXFileReference; explicitFileType = wrapper.application; includeInIndex = 0; path = HHImagePicker.app; sourceTree = BUILT_PRODUCTS_DIR; };
		38F78121202FF474007B699D /* AppDelegate.swift */ = {isa = PBXFileReference; lastKnownFileType = sourcecode.swift; path = AppDelegate.swift; sourceTree = "<group>"; };
		38F78123202FF474007B699D /* ViewController.swift */ = {isa = PBXFileReference; lastKnownFileType = sourcecode.swift; path = ViewController.swift; sourceTree = "<group>"; };
		38F78126202FF474007B699D /* Base */ = {isa = PBXFileReference; lastKnownFileType = file.storyboard; name = Base; path = Base.lproj/Main.storyboard; sourceTree = "<group>"; };
		38F78128202FF474007B699D /* Assets.xcassets */ = {isa = PBXFileReference; lastKnownFileType = folder.assetcatalog; path = Assets.xcassets; sourceTree = "<group>"; };
		38F7812B202FF474007B699D /* Base */ = {isa = PBXFileReference; lastKnownFileType = file.storyboard; name = Base; path = Base.lproj/LaunchScreen.storyboard; sourceTree = "<group>"; };
		38F7812D202FF474007B699D /* Info.plist */ = {isa = PBXFileReference; lastKnownFileType = text.plist.xml; path = Info.plist; sourceTree = "<group>"; };
		38F781C920301374007B699D /* HHPhotoBrowser.h */ = {isa = PBXFileReference; fileEncoding = 4; lastKnownFileType = sourcecode.c.h; path = HHPhotoBrowser.h; sourceTree = "<group>"; };
		38F781CA20301374007B699D /* HHPhotoTool.h */ = {isa = PBXFileReference; fileEncoding = 4; lastKnownFileType = sourcecode.c.h; path = HHPhotoTool.h; sourceTree = "<group>"; };
		38F781CB20301374007B699D /* HHBigImageCell.m */ = {isa = PBXFileReference; fileEncoding = 4; lastKnownFileType = sourcecode.c.objc; path = HHBigImageCell.m; sourceTree = "<group>"; };
		38F781CC20301374007B699D /* ToastUtils.h */ = {isa = PBXFileReference; fileEncoding = 4; lastKnownFileType = sourcecode.c.h; path = ToastUtils.h; sourceTree = "<group>"; };
		38F781CD20301374007B699D /* HHPhotoBrowserCell.m */ = {isa = PBXFileReference; fileEncoding = 4; lastKnownFileType = sourcecode.c.objc; path = HHPhotoBrowserCell.m; sourceTree = "<group>"; };
		38F781CE20301374007B699D /* HHCollectionCell.h */ = {isa = PBXFileReference; fileEncoding = 4; lastKnownFileType = sourcecode.c.h; path = HHCollectionCell.h; sourceTree = "<group>"; };
		38F781CF20301374007B699D /* HHNoAuthorityViewController.h */ = {isa = PBXFileReference; fileEncoding = 4; lastKnownFileType = sourcecode.c.h; path = HHNoAuthorityViewController.h; sourceTree = "<group>"; };
		38F781D020301374007B699D /* HHDefine.h */ = {isa = PBXFileReference; fileEncoding = 4; lastKnownFileType = sourcecode.c.h; path = HHDefine.h; sourceTree = "<group>"; };
		38F781D120301374007B699D /* HHThumbnailViewController.h */ = {isa = PBXFileReference; fileEncoding = 4; lastKnownFileType = sourcecode.c.h; path = HHThumbnailViewController.h; sourceTree = "<group>"; };
		38F781D220301374007B699D /* HHPhotoActionSheet.h */ = {isa = PBXFileReference; fileEncoding = 4; lastKnownFileType = sourcecode.c.h; path = HHPhotoActionSheet.h; sourceTree = "<group>"; };
		38F781D320301374007B699D /* HHSelectPhotoModel.m */ = {isa = PBXFileReference; fileEncoding = 4; lastKnownFileType = sourcecode.c.objc; path = HHSelectPhotoModel.m; sourceTree = "<group>"; };
		38F781D420301374007B699D /* HHProgressHUD.m */ = {isa = PBXFileReference; fileEncoding = 4; lastKnownFileType = sourcecode.c.objc; path = HHProgressHUD.m; sourceTree = "<group>"; };
		38F781D520301374007B699D /* HHShowBigImgViewController.h */ = {isa = PBXFileReference; fileEncoding = 4; lastKnownFileType = sourcecode.c.h; path = HHShowBigImgViewController.h; sourceTree = "<group>"; };
		38F781D620301374007B699D /* NSBundle+HHPhotoBrowser.m */ = {isa = PBXFileReference; fileEncoding = 4; lastKnownFileType = sourcecode.c.objc; path = "NSBundle+HHPhotoBrowser.m"; sourceTree = "<group>"; };
		38F781D720301374007B699D /* HHBigImageCell.h */ = {isa = PBXFileReference; fileEncoding = 4; lastKnownFileType = sourcecode.c.h; path = HHBigImageCell.h; sourceTree = "<group>"; };
		38F781D820301374007B699D /* HHPhotoTool.m */ = {isa = PBXFileReference; fileEncoding = 4; lastKnownFileType = sourcecode.c.objc; path = HHPhotoTool.m; sourceTree = "<group>"; };
		38F781D920301374007B699D /* HHPhotoBrowser.m */ = {isa = PBXFileReference; fileEncoding = 4; lastKnownFileType = sourcecode.c.objc; path = HHPhotoBrowser.m; sourceTree = "<group>"; };
		38F781DA20301374007B699D /* ToastUtils.m */ = {isa = PBXFileReference; fileEncoding = 4; lastKnownFileType = sourcecode.c.objc; path = ToastUtils.m; sourceTree = "<group>"; };
		38F781DB20301374007B699D /* HHCollectionCell.m */ = {isa = PBXFileReference; fileEncoding = 4; lastKnownFileType = sourcecode.c.objc; path = HHCollectionCell.m; sourceTree = "<group>"; };
		38F781DC20301374007B699D /* HHNoAuthorityViewController.m */ = {isa = PBXFileReference; fileEncoding = 4; lastKnownFileType = sourcecode.c.objc; path = HHNoAuthorityViewController.m; sourceTree = "<group>"; };
		38F781DE20301374007B699D /* HHPhotoBrowser.bundle */ = {isa = PBXFileReference; lastKnownFileType = "wrapper.plug-in"; path = HHPhotoBrowser.bundle; sourceTree = "<group>"; };
		38F781DF20301374007B699D /* HHCollectionCell.xib */ = {isa = PBXFileReference; fileEncoding = 4; lastKnownFileType = file.xib; path = HHCollectionCell.xib; sourceTree = "<group>"; };
		38F781E020301374007B699D /* HHThumbnailViewController.xib */ = {isa = PBXFileReference; fileEncoding = 4; lastKnownFileType = file.xib; path = HHThumbnailViewController.xib; sourceTree = "<group>"; };
		38F781E120301374007B699D /* HHNoAuthorityViewController.xib */ = {isa = PBXFileReference; fileEncoding = 4; lastKnownFileType = file.xib; path = HHNoAuthorityViewController.xib; sourceTree = "<group>"; };
		38F781E220301374007B699D /* HHPhotoActionSheet.xib */ = {isa = PBXFileReference; fileEncoding = 4; lastKnownFileType = file.xib; path = HHPhotoActionSheet.xib; sourceTree = "<group>"; };
		38F781E320301374007B699D /* HHPhotoBrowserCell.xib */ = {isa = PBXFileReference; fileEncoding = 4; lastKnownFileType = file.xib; path = HHPhotoBrowserCell.xib; sourceTree = "<group>"; };
		38F781E420301374007B699D /* HHPhotoBrowserCell.h */ = {isa = PBXFileReference; fileEncoding = 4; lastKnownFileType = sourcecode.c.h; path = HHPhotoBrowserCell.h; sourceTree = "<group>"; };
		38F781E520301374007B699D /* HHShowBigImgViewController.m */ = {isa = PBXFileReference; fileEncoding = 4; lastKnownFileType = sourcecode.c.objc; path = HHShowBigImgViewController.m; sourceTree = "<group>"; };
		38F781E620301374007B699D /* NSBundle+HHPhotoBrowser.h */ = {isa = PBXFileReference; fileEncoding = 4; lastKnownFileType = sourcecode.c.h; path = "NSBundle+HHPhotoBrowser.h"; sourceTree = "<group>"; };
		38F781E720301374007B699D /* HHThumbnailViewController.m */ = {isa = PBXFileReference; fileEncoding = 4; lastKnownFileType = sourcecode.c.objc; path = HHThumbnailViewController.m; sourceTree = "<group>"; };
		38F781E820301374007B699D /* HHSelectPhotoModel.h */ = {isa = PBXFileReference; fileEncoding = 4; lastKnownFileType = sourcecode.c.h; path = HHSelectPhotoModel.h; sourceTree = "<group>"; };
		38F781E920301374007B699D /* HHPhotoActionSheet.m */ = {isa = PBXFileReference; fileEncoding = 4; lastKnownFileType = sourcecode.c.objc; path = HHPhotoActionSheet.m; sourceTree = "<group>"; };
		38F781EA20301374007B699D /* HHProgressHUD.h */ = {isa = PBXFileReference; fileEncoding = 4; lastKnownFileType = sourcecode.c.h; path = HHProgressHUD.h; sourceTree = "<group>"; };
		38F7826220303123007B699D /* HHImagePicker-Bridging-Header.h */ = {isa = PBXFileReference; fileEncoding = 4; lastKnownFileType = sourcecode.c.h; name = "HHImagePicker-Bridging-Header.h"; path = "HHImagePicker/HHImagePicker-Bridging-Header.h"; sourceTree = "<group>"; };
/* End PBXFileReference section */

/* Begin PBXFrameworksBuildPhase section */
		38F7811B202FF474007B699D /* Frameworks */ = {
			isa = PBXFrameworksBuildPhase;
			buildActionMask = 2147483647;
			files = (
			);
			runOnlyForDeploymentPostprocessing = 0;
		};
/* End PBXFrameworksBuildPhase section */

/* Begin PBXGroup section */
		382F3DDD2031923E00B5E946 /* icon */ = {
			isa = PBXGroup;
			children = (
				382F3DDE2031923E00B5E946 /* navBackBtn@2x.png */,
				382F3DDF2031923E00B5E946 /* defaultphoto.png */,
				382F3DE02031923E00B5E946 /* lock.png */,
				382F3DE12031923E00B5E946 /* xiangji@2x.png */,
				382F3DE22031923E00B5E946 /* checkbox_pic@3x.png */,
				382F3DE32031923E00B5E946 /* btn_original_circle_on@2x.png */,
				382F3DE42031923E00B5E946 /* btn_original_circle_on@3x.png */,
				382F3DE52031923E00B5E946 /* checkbox_pic@2x.png */,
				382F3DE62031923E00B5E946 /* xiangji@3x.png */,
				382F3DE72031923E00B5E946 /* xj@3x.png */,
				382F3DE82031923E00B5E946 /* checkbox_pic_no@2x.png */,
				382F3DE92031923E00B5E946 /* btn_original_circle@3x.png */,
				382F3DEA2031923E00B5E946 /* btn_circle@2x.png */,
				382F3DEB2031923E00B5E946 /* btn_circle@3x.png */,
				382F3DEC2031923E00B5E946 /* btn_original_circle@2x.png */,
				382F3DED2031923E00B5E946 /* checkbox_pic_no@3x.png */,
				382F3DEE2031923E00B5E946 /* xj@2x.png */,
			);
			path = icon;
			sourceTree = "<group>";
		};
		38F78115202FF474007B699D = {
			isa = PBXGroup;
			children = (
				38F7826220303123007B699D /* HHImagePicker-Bridging-Header.h */,
				38F781C420301374007B699D /* HZHPhotoAssets */,
				38F78120202FF474007B699D /* HHImagePicker */,
				38F7811F202FF474007B699D /* Products */,
			);
			sourceTree = "<group>";
		};
		38F7811F202FF474007B699D /* Products */ = {
			isa = PBXGroup;
			children = (
				38F7811E202FF474007B699D /* HHImagePicker.app */,
			);
			name = Products;
			sourceTree = "<group>";
		};
		38F78120202FF474007B699D /* HHImagePicker */ = {
			isa = PBXGroup;
			children = (
				38F78121202FF474007B699D /* AppDelegate.swift */,
				38F78123202FF474007B699D /* ViewController.swift */,
				38F78125202FF474007B699D /* Main.storyboard */,
				38F78128202FF474007B699D /* Assets.xcassets */,
				38F7812A202FF474007B699D /* LaunchScreen.storyboard */,
				38F7812D202FF474007B699D /* Info.plist */,
			);
			path = HHImagePicker;
			sourceTree = "<group>";
		};
		38F781C420301374007B699D /* HZHPhotoAssets */ = {
			isa = PBXGroup;
			children = (
				38F781C820301374007B699D /* PhotoBrowser */,
			);
			path = HZHPhotoAssets;
			sourceTree = "<group>";
		};
		38F781C820301374007B699D /* PhotoBrowser */ = {
			isa = PBXGroup;
			children = (
				382F3E00203280F200B5E946 /* HHImagePicker.h */,
				38F781D020301374007B699D /* HHDefine.h */,
				38F781CA20301374007B699D /* HHPhotoTool.h */,
				38F781D820301374007B699D /* HHPhotoTool.m */,
				38F781D220301374007B699D /* HHPhotoActionSheet.h */,
				38F781E920301374007B699D /* HHPhotoActionSheet.m */,
				38F781C920301374007B699D /* HHPhotoBrowser.h */,
				38F781D920301374007B699D /* HHPhotoBrowser.m */,
				38F781CF20301374007B699D /* HHNoAuthorityViewController.h */,
				38F781DC20301374007B699D /* HHNoAuthorityViewController.m */,
				38F781D120301374007B699D /* HHThumbnailViewController.h */,
				38F781E720301374007B699D /* HHThumbnailViewController.m */,
				38F781D520301374007B699D /* HHShowBigImgViewController.h */,
				38F781E520301374007B699D /* HHShowBigImgViewController.m */,
				38F781E620301374007B699D /* NSBundle+HHPhotoBrowser.h */,
				38F781D620301374007B699D /* NSBundle+HHPhotoBrowser.m */,
				38F781E820301374007B699D /* HHSelectPhotoModel.h */,
				38F781D320301374007B699D /* HHSelectPhotoModel.m */,
				38F781CC20301374007B699D /* ToastUtils.h */,
				38F781DA20301374007B699D /* ToastUtils.m */,
				38F781EA20301374007B699D /* HHProgressHUD.h */,
				38F781D420301374007B699D /* HHProgressHUD.m */,
				38F781CE20301374007B699D /* HHCollectionCell.h */,
				38F781DB20301374007B699D /* HHCollectionCell.m */,
				38F781D720301374007B699D /* HHBigImageCell.h */,
				38F781CB20301374007B699D /* HHBigImageCell.m */,
				38F781E420301374007B699D /* HHPhotoBrowserCell.h */,
				38F781CD20301374007B699D /* HHPhotoBrowserCell.m */,
				38F781DD20301374007B699D /* resource */,
			);
			path = PhotoBrowser;
			sourceTree = "<group>";
		};
		38F781DD20301374007B699D /* resource */ = {
			isa = PBXGroup;
			children = (
				382F3DDD2031923E00B5E946 /* icon */,
				38F781DE20301374007B699D /* HHPhotoBrowser.bundle */,
				38F781DF20301374007B699D /* HHCollectionCell.xib */,
				38F781E020301374007B699D /* HHThumbnailViewController.xib */,
				38F781E120301374007B699D /* HHNoAuthorityViewController.xib */,
				38F781E220301374007B699D /* HHPhotoActionSheet.xib */,
				38F781E320301374007B699D /* HHPhotoBrowserCell.xib */,
			);
			path = resource;
			sourceTree = "<group>";
		};
/* End PBXGroup section */

/* Begin PBXNativeTarget section */
		38F7811D202FF474007B699D /* HHImagePicker */ = {
			isa = PBXNativeTarget;
			buildConfigurationList = 38F78130202FF474007B699D /* Build configuration list for PBXNativeTarget "HHImagePicker" */;
			buildPhases = (
				38F7811A202FF474007B699D /* Sources */,
				38F7811B202FF474007B699D /* Frameworks */,
				38F7811C202FF474007B699D /* Resources */,
			);
			buildRules = (
			);
			dependencies = (
			);
			name = HHImagePicker;
			productName = HHImagePicker;
			productReference = 38F7811E202FF474007B699D /* HHImagePicker.app */;
			productType = "com.apple.product-type.application";
		};
/* End PBXNativeTarget section */

/* Begin PBXProject section */
		38F78116202FF474007B699D /* Project object */ = {
			isa = PBXProject;
			attributes = {
				LastSwiftUpdateCheck = 0920;
				LastUpgradeCheck = 0920;
				ORGANIZATIONNAME = daHuiGe;
				TargetAttributes = {
					38F7811D202FF474007B699D = {
						CreatedOnToolsVersion = 9.2;
						ProvisioningStyle = Automatic;
					};
				};
			};
			buildConfigurationList = 38F78119202FF474007B699D /* Build configuration list for PBXProject "HHImagePicker" */;
			compatibilityVersion = "Xcode 8.0";
			developmentRegion = en;
			hasScannedForEncodings = 0;
			knownRegions = (
				en,
				Base,
			);
			mainGroup = 38F78115202FF474007B699D;
			productRefGroup = 38F7811F202FF474007B699D /* Products */;
			projectDirPath = "";
			projectRoot = "";
			targets = (
				38F7811D202FF474007B699D /* HHImagePicker */,
			);
		};
/* End PBXProject section */

/* Begin PBXResourcesBuildPhase section */
		38F7811C202FF474007B699D /* Resources */ = {
			isa = PBXResourcesBuildPhase;
			buildActionMask = 2147483647;
			files = (
				382F3DF62031923E00B5E946 /* checkbox_pic@2x.png in Resources */,
				382F3DF92031923E00B5E946 /* checkbox_pic_no@2x.png in Resources */,
				382F3DF52031923E00B5E946 /* btn_original_circle_on@3x.png in Resources */,
				382F3DF22031923E00B5E946 /* xiangji@2x.png in Resources */,
				382F3DF42031923E00B5E946 /* btn_original_circle_on@2x.png in Resources */,
				38F7822520301374007B699D /* HHCollectionCell.xib in Resources */,
				382F3DFE2031923E00B5E946 /* checkbox_pic_no@3x.png in Resources */,
				38F7812C202FF474007B699D /* LaunchScreen.storyboard in Resources */,
				382F3DFB2031923E00B5E946 /* btn_circle@2x.png in Resources */,
				382F3DFD2031923E00B5E946 /* btn_original_circle@2x.png in Resources */,
				382F3DF72031923E00B5E946 /* xiangji@3x.png in Resources */,
				382F3DF32031923E00B5E946 /* checkbox_pic@3x.png in Resources */,
				38F7822720301374007B699D /* HHNoAuthorityViewController.xib in Resources */,
				38F7822420301374007B699D /* HHPhotoBrowser.bundle in Resources */,
				382F3DEF2031923E00B5E946 /* navBackBtn@2x.png in Resources */,
				38F78129202FF474007B699D /* Assets.xcassets in Resources */,
				382F3DF82031923E00B5E946 /* xj@3x.png in Resources */,
				38F78127202FF474007B699D /* Main.storyboard in Resources */,
				38F7822820301374007B699D /* HHPhotoActionSheet.xib in Resources */,
				382F3DF12031923E00B5E946 /* lock.png in Resources */,
				382F3DFF2031923E00B5E946 /* xj@2x.png in Resources */,
				382F3DF02031923E00B5E946 /* defaultphoto.png in Resources */,
				38F7822920301374007B699D /* HHPhotoBrowserCell.xib in Resources */,
				382F3DFC2031923E00B5E946 /* btn_circle@3x.png in Resources */,
				38F7822620301374007B699D /* HHThumbnailViewController.xib in Resources */,
				382F3DFA2031923E00B5E946 /* btn_original_circle@3x.png in Resources */,
			);
			runOnlyForDeploymentPostprocessing = 0;
		};
/* End PBXResourcesBuildPhase section */

/* Begin PBXSourcesBuildPhase section */
		38F7811A202FF474007B699D /* Sources */ = {
			isa = PBXSourcesBuildPhase;
			buildActionMask = 2147483647;
			files = (
				38F7822B20301374007B699D /* HHThumbnailViewController.m in Sources */,
				38F78124202FF474007B699D /* ViewController.swift in Sources */,
				38F78122202FF474007B699D /* AppDelegate.swift in Sources */,
				38F7822120301374007B699D /* ToastUtils.m in Sources */,
				38F7821C20301374007B699D /* HHSelectPhotoModel.m in Sources */,
				38F7821D20301374007B699D /* HHProgressHUD.m in Sources */,
				38F7822C20301374007B699D /* HHPhotoActionSheet.m in Sources */,
				38F7821B20301374007B699D /* HHPhotoBrowserCell.m in Sources */,
				38F7822020301374007B699D /* HHPhotoBrowser.m in Sources */,
				38F7821A20301374007B699D /* HHBigImageCell.m in Sources */,
				38F7822A20301374007B699D /* HHShowBigImgViewController.m in Sources */,
				38F7821E20301374007B699D /* NSBundle+HHPhotoBrowser.m in Sources */,
				38F7821F20301374007B699D /* HHPhotoTool.m in Sources */,
				38F7822320301374007B699D /* HHNoAuthorityViewController.m in Sources */,
				38F7822220301374007B699D /* HHCollectionCell.m in Sources */,
			);
			runOnlyForDeploymentPostprocessing = 0;
		};
/* End PBXSourcesBuildPhase section */

/* Begin PBXVariantGroup section */
		38F78125202FF474007B699D /* Main.storyboard */ = {
			isa = PBXVariantGroup;
			children = (
				38F78126202FF474007B699D /* Base */,
			);
			name = Main.storyboard;
			sourceTree = "<group>";
		};
		38F7812A202FF474007B699D /* LaunchScreen.storyboard */ = {
			isa = PBXVariantGroup;
			children = (
				38F7812B202FF474007B699D /* Base */,
			);
			name = LaunchScreen.storyboard;
			sourceTree = "<group>";
		};
/* End PBXVariantGroup section */

/* Begin XCBuildConfiguration section */
		38F7812E202FF474007B699D /* Debug */ = {
			isa = XCBuildConfiguration;
			buildSettings = {
				ALWAYS_SEARCH_USER_PATHS = NO;
				CLANG_ANALYZER_NONNULL = YES;
				CLANG_ANALYZER_NUMBER_OBJECT_CONVERSION = YES_AGGRESSIVE;
				CLANG_CXX_LANGUAGE_STANDARD = "gnu++14";
				CLANG_CXX_LIBRARY = "libc++";
				CLANG_ENABLE_MODULES = YES;
				CLANG_ENABLE_OBJC_ARC = YES;
				CLANG_WARN_BLOCK_CAPTURE_AUTORELEASING = YES;
				CLANG_WARN_BOOL_CONVERSION = YES;
				CLANG_WARN_COMMA = YES;
				CLANG_WARN_CONSTANT_CONVERSION = YES;
				CLANG_WARN_DIRECT_OBJC_ISA_USAGE = YES_ERROR;
				CLANG_WARN_DOCUMENTATION_COMMENTS = YES;
				CLANG_WARN_EMPTY_BODY = YES;
				CLANG_WARN_ENUM_CONVERSION = YES;
				CLANG_WARN_INFINITE_RECURSION = YES;
				CLANG_WARN_INT_CONVERSION = YES;
				CLANG_WARN_NON_LITERAL_NULL_CONVERSION = YES;
				CLANG_WARN_OBJC_LITERAL_CONVERSION = YES;
				CLANG_WARN_OBJC_ROOT_CLASS = YES_ERROR;
				CLANG_WARN_RANGE_LOOP_ANALYSIS = YES;
				CLANG_WARN_STRICT_PROTOTYPES = YES;
				CLANG_WARN_SUSPICIOUS_MOVE = YES;
				CLANG_WARN_UNGUARDED_AVAILABILITY = YES_AGGRESSIVE;
				CLANG_WARN_UNREACHABLE_CODE = YES;
				CLANG_WARN__DUPLICATE_METHOD_MATCH = YES;
				CODE_SIGN_IDENTITY = "iPhone Developer";
				COPY_PHASE_STRIP = NO;
				DEBUG_INFORMATION_FORMAT = dwarf;
				ENABLE_STRICT_OBJC_MSGSEND = YES;
				ENABLE_TESTABILITY = YES;
				GCC_C_LANGUAGE_STANDARD = gnu11;
				GCC_DYNAMIC_NO_PIC = NO;
				GCC_NO_COMMON_BLOCKS = YES;
				GCC_OPTIMIZATION_LEVEL = 0;
				GCC_PREPROCESSOR_DEFINITIONS = (
					"DEBUG=1",
					"$(inherited)",
				);
				GCC_WARN_64_TO_32_BIT_CONVERSION = YES;
				GCC_WARN_ABOUT_RETURN_TYPE = YES_ERROR;
				GCC_WARN_UNDECLARED_SELECTOR = YES;
				GCC_WARN_UNINITIALIZED_AUTOS = YES_AGGRESSIVE;
				GCC_WARN_UNUSED_FUNCTION = YES;
				GCC_WARN_UNUSED_VARIABLE = YES;
				IPHONEOS_DEPLOYMENT_TARGET = 11.2;
				MTL_ENABLE_DEBUG_INFO = YES;
				ONLY_ACTIVE_ARCH = YES;
				SDKROOT = iphoneos;
				SWIFT_ACTIVE_COMPILATION_CONDITIONS = DEBUG;
				SWIFT_OPTIMIZATION_LEVEL = "-Onone";
			};
			name = Debug;
		};
		38F7812F202FF474007B699D /* Release */ = {
			isa = XCBuildConfiguration;
			buildSettings = {
				ALWAYS_SEARCH_USER_PATHS = NO;
				CLANG_ANALYZER_NONNULL = YES;
				CLANG_ANALYZER_NUMBER_OBJECT_CONVERSION = YES_AGGRESSIVE;
				CLANG_CXX_LANGUAGE_STANDARD = "gnu++14";
				CLANG_CXX_LIBRARY = "libc++";
				CLANG_ENABLE_MODULES = YES;
				CLANG_ENABLE_OBJC_ARC = YES;
				CLANG_WARN_BLOCK_CAPTURE_AUTORELEASING = YES;
				CLANG_WARN_BOOL_CONVERSION = YES;
				CLANG_WARN_COMMA = YES;
				CLANG_WARN_CONSTANT_CONVERSION = YES;
				CLANG_WARN_DIRECT_OBJC_ISA_USAGE = YES_ERROR;
				CLANG_WARN_DOCUMENTATION_COMMENTS = YES;
				CLANG_WARN_EMPTY_BODY = YES;
				CLANG_WARN_ENUM_CONVERSION = YES;
				CLANG_WARN_INFINITE_RECURSION = YES;
				CLANG_WARN_INT_CONVERSION = YES;
				CLANG_WARN_NON_LITERAL_NULL_CONVERSION = YES;
				CLANG_WARN_OBJC_LITERAL_CONVERSION = YES;
				CLANG_WARN_OBJC_ROOT_CLASS = YES_ERROR;
				CLANG_WARN_RANGE_LOOP_ANALYSIS = YES;
				CLANG_WARN_STRICT_PROTOTYPES = YES;
				CLANG_WARN_SUSPICIOUS_MOVE = YES;
				CLANG_WARN_UNGUARDED_AVAILABILITY = YES_AGGRESSIVE;
				CLANG_WARN_UNREACHABLE_CODE = YES;
				CLANG_WARN__DUPLICATE_METHOD_MATCH = YES;
				CODE_SIGN_IDENTITY = "iPhone Developer";
				COPY_PHASE_STRIP = NO;
				DEBUG_INFORMATION_FORMAT = "dwarf-with-dsym";
				ENABLE_NS_ASSERTIONS = NO;
				ENABLE_STRICT_OBJC_MSGSEND = YES;
				GCC_C_LANGUAGE_STANDARD = gnu11;
				GCC_NO_COMMON_BLOCKS = YES;
				GCC_WARN_64_TO_32_BIT_CONVERSION = YES;
				GCC_WARN_ABOUT_RETURN_TYPE = YES_ERROR;
				GCC_WARN_UNDECLARED_SELECTOR = YES;
				GCC_WARN_UNINITIALIZED_AUTOS = YES_AGGRESSIVE;
				GCC_WARN_UNUSED_FUNCTION = YES;
				GCC_WARN_UNUSED_VARIABLE = YES;
				IPHONEOS_DEPLOYMENT_TARGET = 11.2;
				MTL_ENABLE_DEBUG_INFO = NO;
				SDKROOT = iphoneos;
				SWIFT_OPTIMIZATION_LEVEL = "-Owholemodule";
				VALIDATE_PRODUCT = YES;
			};
			name = Release;
		};
		38F78131202FF474007B699D /* Debug */ = {
			isa = XCBuildConfiguration;
			buildSettings = {
				ASSETCATALOG_COMPILER_APPICON_NAME = AppIcon;
				CODE_SIGN_STYLE = Automatic;
				DEVELOPMENT_TEAM = 3QN2QHQC4Q;
				INFOPLIST_FILE = HHImagePicker/Info.plist;
				IPHONEOS_DEPLOYMENT_TARGET = 9.0;
				LD_RUNPATH_SEARCH_PATHS = "$(inherited) @executable_path/Frameworks";
				PRODUCT_BUNDLE_IDENTIFIER = com.peng.HHImagePicker;
				PRODUCT_NAME = "$(TARGET_NAME)";
				SWIFT_OBJC_BRIDGING_HEADER = "/Users/hzh/Desktop/HHImagePicker/HHImagePicker/HHImagePicker-Bridging-Header.h";
				SWIFT_VERSION = 4.0;
				TARGETED_DEVICE_FAMILY = "1,2";
			};
			name = Debug;
		};
		38F78132202FF474007B699D /* Release */ = {
			isa = XCBuildConfiguration;
			buildSettings = {
				ASSETCATALOG_COMPILER_APPICON_NAME = AppIcon;
				CODE_SIGN_STYLE = Automatic;
				DEVELOPMENT_TEAM = 3QN2QHQC4Q;
				INFOPLIST_FILE = HHImagePicker/Info.plist;
				IPHONEOS_DEPLOYMENT_TARGET = 9.0;
				LD_RUNPATH_SEARCH_PATHS = "$(inherited) @executable_path/Frameworks";
				PRODUCT_BUNDLE_IDENTIFIER = com.peng.HHImagePicker;
				PRODUCT_NAME = "$(TARGET_NAME)";
				SWIFT_OBJC_BRIDGING_HEADER = "/Users/hzh/Desktop/HHImagePicker/HHImagePicker/HHImagePicker-Bridging-Header.h";
				SWIFT_VERSION = 4.0;
				TARGETED_DEVICE_FAMILY = "1,2";
			};
			name = Release;
		};
/* End XCBuildConfiguration section */

/* Begin XCConfigurationList section */
		38F78119202FF474007B699D /* Build configuration list for PBXProject "HHImagePicker" */ = {
			isa = XCConfigurationList;
			buildConfigurations = (
				38F7812E202FF474007B699D /* Debug */,
				38F7812F202FF474007B699D /* Release */,
			);
			defaultConfigurationIsVisible = 0;
			defaultConfigurationName = Release;
		};
		38F78130202FF474007B699D /* Build configuration list for PBXNativeTarget "HHImagePicker" */ = {
			isa = XCConfigurationList;
			buildConfigurations = (
				38F78131202FF474007B699D /* Debug */,
				38F78132202FF474007B699D /* Release */,
			);
			defaultConfigurationIsVisible = 0;
			defaultConfigurationName = Release;
		};
/* End XCConfigurationList section */
	};
	rootObject = 38F78116202FF474007B699D /* Project object */;
}
